
Microsoft Visual Studio Solution File, Format Version 12.00
# Visual Studio Version 16
VisualStudioVersion = 16.0.28407.52
MinimumVisualStudioVersion = 10.0.40219.1
Project("{FAE04EC0-301F-11D3-BF4B-00C04F79EFBC}") = "LSoft.XConfig", "LSoft.XConfig\LSoft.XConfig.csproj", "{6961942B-DF31-4AA3-8509-753AF5FB3219}"
EndProject
Global
	GlobalSection(SolutionConfigurationPlatforms) = preSolution
		Debug|Any CPU = Debug|Any CPU
		Release|Any CPU = Release|Any CPU
	EndGlobalSection
	GlobalSection(ProjectConfigurationPlatforms) = postSolution
		{6961942B-DF31-4AA3-8509-753AF5FB3219}.Debug|Any CPU.ActiveCfg = Debug|Any CPU
		{6961942B-DF31-4AA3-8509-753AF5FB3219}.Debug|Any CPU.Build.0 = Debug|Any CPU
		{6961942B-DF31-4AA3-8509-753AF5FB3219}.Release|Any CPU.ActiveCfg = Release|Any CPU
		{6961942B-DF31-4AA3-8509-753AF5FB3219}.Release|Any CPU.Build.0 = Release|Any CPU
	EndGlobalSection
	GlobalSection(SolutionProperties) = preSolution
		HideSolutionNode = FALSE
	EndGlobalSection
	GlobalSection(ExtensibilityGlobals) = postSolution
		SolutionGuid = {3914026D-00AE-4890-A05B-BBB753D7502B}
	EndGlobalSection
EndGlobal
